
Microsoft Visual Studio Solution File, Format Version 12.00
# Visual Studio 2012
Project("{8BC9CEB8-8B4A-11D0-8D11-00A0C91BC942}") = "Chapter_04", "Chapter_04\Chapter_04.vcxproj", "{356FEAE5-8046-4787-B4C7-BFF1241E0ED1}"
EndProject
Global
	GlobalSection(SolutionConfigurationPlatforms) = preSolution
		Debug|Win32 = Debug|Win32
		Release|Win32 = Release|Win32
	EndGlobalSection
	GlobalSection(ProjectConfigurationPlatforms) = postSolution
		{356FEAE5-8046-4787-B4C7-BFF1241E0ED1}.Debug|Win32.ActiveCfg = Debug|Win32
		{356FEAE5-8046-4787-B4C7-BFF1241E0ED1}.Debug|Win32.Build.0 = Debug|Win32
		{356FEAE5-8046-4787-B4C7-BFF1241E0ED1}.Release|Win32.ActiveCfg = Release|Win32
		{356FEAE5-8046-4787-B4C7-BFF1241E0ED1}.Release|Win32.Build.0 = Release|Win32
	EndGlobalSection
	GlobalSection(SolutionProperties) = preSolution
		HideSolutionNode = FALSE
	EndGlobalSection
EndGlobal
