
Microsoft Visual Studio Solution File, Format Version 12.00
# Visual Studio 2012
Project("{8BC9CEB8-8B4A-11D0-8D11-00A0C91BC942}") = "Chapter_08", "Chapter_08\Chapter_08.vcxproj", "{BF7C9A0D-A0CC-4D1D-BDA7-2735231AC78E}"
EndProject
Global
	GlobalSection(SolutionConfigurationPlatforms) = preSolution
		Debug|Win32 = Debug|Win32
		Release|Win32 = Release|Win32
	EndGlobalSection
	GlobalSection(ProjectConfigurationPlatforms) = postSolution
		{BF7C9A0D-A0CC-4D1D-BDA7-2735231AC78E}.Debug|Win32.ActiveCfg = Debug|Win32
		{BF7C9A0D-A0CC-4D1D-BDA7-2735231AC78E}.Debug|Win32.Build.0 = Debug|Win32
		{BF7C9A0D-A0CC-4D1D-BDA7-2735231AC78E}.Release|Win32.ActiveCfg = Release|Win32
		{BF7C9A0D-A0CC-4D1D-BDA7-2735231AC78E}.Release|Win32.Build.0 = Release|Win32
	EndGlobalSection
	GlobalSection(SolutionProperties) = preSolution
		HideSolutionNode = FALSE
	EndGlobalSection
EndGlobal
